# THIS IS AN AUTOGENERATED FILE. DO NOT EDIT THIS FILE DIRECTLY.
# yarn lockfile v1


tachyons-sass@^4.8.1:
  version "4.8.1"
  resolved "https://registry.yarnpkg.com/tachyons-sass/-/tachyons-sass-4.8.1.tgz#5e7b85eb8a1e3cccf45acdff09e97f4ad1844d59"
  dependencies:
    tachyons "^4.8.1"

tachyons@^4.8.1:
  version "4.9.0"
  resolved "https://registry.yarnpkg.com/tachyons/-/tachyons-4.9.0.tgz#2df058ea6b6eb3d2be12d62a69fecb0f6b1e0534"
